
Microsoft Visual Studio Solution File, Format Version 12.00
# Visual Studio Version 16
VisualStudioVersion = 16.0.31129.286
MinimumVisualStudioVersion = 10.0.40219.1
Project("{8BC9CEB8-8B4A-11D0-8D11-00A0C91BC942}") = "Engine", "Engine\Engine.vcxproj", "{3E543FE1-552E-4DF7-9708-ED9B5ED73C20}"
EndProject
Project("{8BC9CEB8-8B4A-11D0-8D11-00A0C91BC942}") = "EngineOld", "EngineOld\EngineOld.vcxproj", "{A1822674-D14F-4A21-BBA7-2F9189A6C0C6}"
EndProject
Project("{8BC9CEB8-8B4A-11D0-8D11-00A0C91BC942}") = "Client", "Client\Client.vcxproj", "{24F8340D-D59E-4760-92A2-13890CDD7B98}"
EndProject
Project("{C7167F0D-BC9F-4E6E-AFE1-012C56B48DB5}") = "HelloWhiteFlint (Package)", "HelloWhiteFlint\HelloWhiteFlint (Package)\HelloWhiteFlint (Package).wapproj", "{3A28A1CF-C87C-4B04-9468-2D61ECC19383}"
EndProject
Project("{8BC9CEB8-8B4A-11D0-8D11-00A0C91BC942}") = "HelloWhiteFlint", "HelloWhiteFlint\HelloWhiteFlint\HelloWhiteFlint.vcxproj", "{74D1A7CB-36E8-4F75-99E6-CFDBA229EB8E}"
EndProject
Global
	GlobalSection(SolutionConfigurationPlatforms) = preSolution
		Debug|arm64 = Debug|arm64
		Debug|x64 = Debug|x64
		Debug|x86 = Debug|x86
		Release|arm64 = Release|arm64
		Release|x64 = Release|x64
		Release|x86 = Release|x86
	EndGlobalSection
	GlobalSection(ProjectConfigurationPlatforms) = postSolution
		{3E543FE1-552E-4DF7-9708-ED9B5ED73C20}.Debug|arm64.ActiveCfg = Debug|x64
		{3E543FE1-552E-4DF7-9708-ED9B5ED73C20}.Debug|x64.ActiveCfg = Debug|x64
		{3E543FE1-552E-4DF7-9708-ED9B5ED73C20}.Debug|x64.Build.0 = Debug|x64
		{3E543FE1-552E-4DF7-9708-ED9B5ED73C20}.Debug|x86.ActiveCfg = Debug|x64
		{3E543FE1-552E-4DF7-9708-ED9B5ED73C20}.Release|arm64.ActiveCfg = Release|x64
		{3E543FE1-552E-4DF7-9708-ED9B5ED73C20}.Release|x64.ActiveCfg = Release|x64
		{3E543FE1-552E-4DF7-9708-ED9B5ED73C20}.Release|x64.Build.0 = Release|x64
		{3E543FE1-552E-4DF7-9708-ED9B5ED73C20}.Release|x86.ActiveCfg = Release|x64
		{A1822674-D14F-4A21-BBA7-2F9189A6C0C6}.Debug|arm64.ActiveCfg = Debug|x64
		{A1822674-D14F-4A21-BBA7-2F9189A6C0C6}.Debug|x64.ActiveCfg = Debug|x64
		{A1822674-D14F-4A21-BBA7-2F9189A6C0C6}.Debug|x64.Build.0 = Debug|x64
		{A1822674-D14F-4A21-BBA7-2F9189A6C0C6}.Debug|x86.ActiveCfg = Debug|x64
		{A1822674-D14F-4A21-BBA7-2F9189A6C0C6}.Release|arm64.ActiveCfg = Release|x64
		{A1822674-D14F-4A21-BBA7-2F9189A6C0C6}.Release|x64.ActiveCfg = Release|x64
		{A1822674-D14F-4A21-BBA7-2F9189A6C0C6}.Release|x64.Build.0 = Release|x64
		{A1822674-D14F-4A21-BBA7-2F9189A6C0C6}.Release|x86.ActiveCfg = Release|x64
		{24F8340D-D59E-4760-92A2-13890CDD7B98}.Debug|arm64.ActiveCfg = Debug|x64
		{24F8340D-D59E-4760-92A2-13890CDD7B98}.Debug|x64.ActiveCfg = Debug|x64
		{24F8340D-D59E-4760-92A2-13890CDD7B98}.Debug|x64.Build.0 = Debug|x64
		{24F8340D-D59E-4760-92A2-13890CDD7B98}.Debug|x64.Deploy.0 = Debug|x64
		{24F8340D-D59E-4760-92A2-13890CDD7B98}.Debug|x86.ActiveCfg = Debug|x64
		{24F8340D-D59E-4760-92A2-13890CDD7B98}.Release|arm64.ActiveCfg = Release|x64
		{24F8340D-D59E-4760-92A2-13890CDD7B98}.Release|x64.ActiveCfg = Release|x64
		{24F8340D-D59E-4760-92A2-13890CDD7B98}.Release|x64.Build.0 = Release|x64
		{24F8340D-D59E-4760-92A2-13890CDD7B98}.Release|x64.Deploy.0 = Release|x64
		{24F8340D-D59E-4760-92A2-13890CDD7B98}.Release|x86.ActiveCfg = Release|x64
		{3A28A1CF-C87C-4B04-9468-2D61ECC19383}.Debug|arm64.ActiveCfg = Debug|arm64
		{3A28A1CF-C87C-4B04-9468-2D61ECC19383}.Debug|arm64.Build.0 = Debug|arm64
		{3A28A1CF-C87C-4B04-9468-2D61ECC19383}.Debug|arm64.Deploy.0 = Debug|arm64
		{3A28A1CF-C87C-4B04-9468-2D61ECC19383}.Debug|x64.ActiveCfg = Debug|x64
		{3A28A1CF-C87C-4B04-9468-2D61ECC19383}.Debug|x64.Build.0 = Debug|x64
		{3A28A1CF-C87C-4B04-9468-2D61ECC19383}.Debug|x64.Deploy.0 = Debug|x64
		{3A28A1CF-C87C-4B04-9468-2D61ECC19383}.Debug|x86.ActiveCfg = Debug|x86
		{3A28A1CF-C87C-4B04-9468-2D61ECC19383}.Debug|x86.Build.0 = Debug|x86
		{3A28A1CF-C87C-4B04-9468-2D61ECC19383}.Debug|x86.Deploy.0 = Debug|x86
		{3A28A1CF-C87C-4B04-9468-2D61ECC19383}.Release|arm64.ActiveCfg = Release|arm64
		{3A28A1CF-C87C-4B04-9468-2D61ECC19383}.Release|arm64.Build.0 = Release|arm64
		{3A28A1CF-C87C-4B04-9468-2D61ECC19383}.Release|arm64.Deploy.0 = Release|arm64
		{3A28A1CF-C87C-4B04-9468-2D61ECC19383}.Release|x64.ActiveCfg = Release|x64
		{3A28A1CF-C87C-4B04-9468-2D61ECC19383}.Release|x64.Build.0 = Release|x64
		{3A28A1CF-C87C-4B04-9468-2D61ECC19383}.Release|x64.Deploy.0 = Release|x64
		{3A28A1CF-C87C-4B04-9468-2D61ECC19383}.Release|x86.ActiveCfg = Release|x86
		{3A28A1CF-C87C-4B04-9468-2D61ECC19383}.Release|x86.Build.0 = Release|x86
		{3A28A1CF-C87C-4B04-9468-2D61ECC19383}.Release|x86.Deploy.0 = Release|x86
		{74D1A7CB-36E8-4F75-99E6-CFDBA229EB8E}.Debug|arm64.ActiveCfg = Debug|arm64
		{74D1A7CB-36E8-4F75-99E6-CFDBA229EB8E}.Debug|arm64.Build.0 = Debug|arm64
		{74D1A7CB-36E8-4F75-99E6-CFDBA229EB8E}.Debug|x64.ActiveCfg = Debug|x64
		{74D1A7CB-36E8-4F75-99E6-CFDBA229EB8E}.Debug|x64.Build.0 = Debug|x64
		{74D1A7CB-36E8-4F75-99E6-CFDBA229EB8E}.Debug|x86.ActiveCfg = Debug|Win32
		{74D1A7CB-36E8-4F75-99E6-CFDBA229EB8E}.Debug|x86.Build.0 = Debug|Win32
		{74D1A7CB-36E8-4F75-99E6-CFDBA229EB8E}.Release|arm64.ActiveCfg = Release|arm64
		{74D1A7CB-36E8-4F75-99E6-CFDBA229EB8E}.Release|arm64.Build.0 = Release|arm64
		{74D1A7CB-36E8-4F75-99E6-CFDBA229EB8E}.Release|x64.ActiveCfg = Release|x64
		{74D1A7CB-36E8-4F75-99E6-CFDBA229EB8E}.Release|x64.Build.0 = Release|x64
		{74D1A7CB-36E8-4F75-99E6-CFDBA229EB8E}.Release|x86.ActiveCfg = Release|Win32
		{74D1A7CB-36E8-4F75-99E6-CFDBA229EB8E}.Release|x86.Build.0 = Release|Win32
	EndGlobalSection
	GlobalSection(SolutionProperties) = preSolution
		HideSolutionNode = FALSE
	EndGlobalSection
	GlobalSection(ExtensibilityGlobals) = postSolution
		SolutionGuid = {63D4786B-8711-4583-9D74-22495A35C546}
	EndGlobalSection
EndGlobal
